
Microsoft Visual Studio Solution File, Format Version 12.00
# Visual Studio Version 16
VisualStudioVersion = 16.0.30503.244
MinimumVisualStudioVersion = 10.0.40219.1
Project("{FAE04EC0-301F-11D3-BF4B-00C04F79EFBC}") = "WindowsFormsApp1", "WindowsFormsApp1.csproj", "{B2BB26E4-E675-4CB7-8618-26EAA071ED4B}"
EndProject
Global
	GlobalSection(SolutionConfigurationPlatforms) = preSolution
		Debug|Any CPU = Debug|Any CPU
		Release|Any CPU = Release|Any CPU
	EndGlobalSection
	GlobalSection(ProjectConfigurationPlatforms) = postSolution
		{B2BB26E4-E675-4CB7-8618-26EAA071ED4B}.Debug|Any CPU.ActiveCfg = Debug|Any CPU
		{B2BB26E4-E675-4CB7-8618-26EAA071ED4B}.Debug|Any CPU.Build.0 = Debug|Any CPU
		{B2BB26E4-E675-4CB7-8618-26EAA071ED4B}.Release|Any CPU.ActiveCfg = Release|Any CPU
		{B2BB26E4-E675-4CB7-8618-26EAA071ED4B}.Release|Any CPU.Build.0 = Release|Any CPU
	EndGlobalSection
	GlobalSection(SolutionProperties) = preSolution
		HideSolutionNode = FALSE
	EndGlobalSection
	GlobalSection(ExtensibilityGlobals) = postSolution
		SolutionGuid = {32F4B670-437E-4E94-BE77-D93DFC53C0FD}
	EndGlobalSection
EndGlobal
